
Microsoft Visual Studio Solution File, Format Version 12.00
# Visual Studio Version 17
VisualStudioVersion = 17.4.33110.190
MinimumVisualStudioVersion = 10.0.40219.1
Project("{9A19103F-16F7-4668-BE54-9A1E7A4F7556}") = "MRVirtualDCCSound.Web", "MRVirtualDCCSound.Web\MRVirtualDCCSound.Web.csproj", "{1710129A-1AB5-455E-9E57-A4755285AC94}"
EndProject
Project("{9A19103F-16F7-4668-BE54-9A1E7A4F7556}") = "MRVirtualDCCSound.Core", "MRVirtualDCCSound.Core\MRVirtualDCCSound.Core.csproj", "{2E7F5401-B11E-437F-828B-32DEE1C21602}"
EndProject
Project("{9A19103F-16F7-4668-BE54-9A1E7A4F7556}") = "MRVirtualDCCSound.ConsoleApp", "MRVirtualDCCSound.ConsoleApp\MRVirtualDCCSound.ConsoleApp.csproj", "{F9134B01-8B7C-4F5B-9B40-C655EEB3EF6B}"
EndProject
Global
	GlobalSection(SolutionConfigurationPlatforms) = preSolution
		Debug|Any CPU = Debug|Any CPU
		Release|Any CPU = Release|Any CPU
	EndGlobalSection
	GlobalSection(ProjectConfigurationPlatforms) = postSolution
		{1710129A-1AB5-455E-9E57-A4755285AC94}.Debug|Any CPU.ActiveCfg = Debug|Any CPU
		{1710129A-1AB5-455E-9E57-A4755285AC94}.Debug|Any CPU.Build.0 = Debug|Any CPU
		{1710129A-1AB5-455E-9E57-A4755285AC94}.Release|Any CPU.ActiveCfg = Release|Any CPU
		{1710129A-1AB5-455E-9E57-A4755285AC94}.Release|Any CPU.Build.0 = Release|Any CPU
		{2E7F5401-B11E-437F-828B-32DEE1C21602}.Debug|Any CPU.ActiveCfg = Debug|Any CPU
		{2E7F5401-B11E-437F-828B-32DEE1C21602}.Debug|Any CPU.Build.0 = Debug|Any CPU
		{2E7F5401-B11E-437F-828B-32DEE1C21602}.Release|Any CPU.ActiveCfg = Release|Any CPU
		{2E7F5401-B11E-437F-828B-32DEE1C21602}.Release|Any CPU.Build.0 = Release|Any CPU
		{F9134B01-8B7C-4F5B-9B40-C655EEB3EF6B}.Debug|Any CPU.ActiveCfg = Debug|Any CPU
		{F9134B01-8B7C-4F5B-9B40-C655EEB3EF6B}.Debug|Any CPU.Build.0 = Debug|Any CPU
		{F9134B01-8B7C-4F5B-9B40-C655EEB3EF6B}.Release|Any CPU.ActiveCfg = Release|Any CPU
		{F9134B01-8B7C-4F5B-9B40-C655EEB3EF6B}.Release|Any CPU.Build.0 = Release|Any CPU
	EndGlobalSection
	GlobalSection(SolutionProperties) = preSolution
		HideSolutionNode = FALSE
	EndGlobalSection
	GlobalSection(ExtensibilityGlobals) = postSolution
		SolutionGuid = {1DF68E62-30CC-4FB0-81A4-ABC13A305E76}
	EndGlobalSection
EndGlobal
